
Microsoft Visual Studio Solution File, Format Version 12.00
# Visual Studio Version 17
VisualStudioVersion = 17.2.32630.192
MinimumVisualStudioVersion = 10.0.40219.1
Project("{2150E333-8FDC-42A3-9474-1A3956D46DE8}") = ".nuget", ".nuget", "{759C06B0-10E7-4045-8EE7-7D349EBD35E6}"
	ProjectSection(SolutionItems) = preProject
		.nuget\NuGet.Config = .nuget\NuGet.Config
		.nuget\NuGet.exe = .nuget\NuGet.exe
		.nuget\NuGet.targets = .nuget\NuGet.targets
	EndProjectSection
EndProject
Project("{9A19103F-16F7-4668-BE54-9A1E7A4F7556}") = "Main.API", "service\pv-main\main.api\Main.API.csproj", "{3447BA39-CA44-4079-8572-3CEF77D774AC}"
EndProject
Project("{9A19103F-16F7-4668-BE54-9A1E7A4F7556}") = "Main.Services", "service\pv-main\main.service\Main.Services.csproj", "{8D024EAE-DDD2-43CF-9A18-5675301860AE}"
EndProject
Project("{9A19103F-16F7-4668-BE54-9A1E7A4F7556}") = "Main.Core", "service\pv-main\main.core\Main.Core.csproj", "{FE859B22-9168-465A-9554-BD185CF19801}"
EndProject
Project("{9A19103F-16F7-4668-BE54-9A1E7A4F7556}") = "Main.Infrastructure", "service\pv-main\main.infrastructure\Main.Infrastructure.csproj", "{DD42E029-BFA1-4CB3-9275-1EE35FA5A8C4}"
EndProject
Project("{2150E333-8FDC-42A3-9474-1A3956D46DE8}") = "BuildingBlocks", "BuildingBlocks", "{1E6528E4-5367-4145-ABC2-11285576F989}"
EndProject
Project("{2150E333-8FDC-42A3-9474-1A3956D46DE8}") = "WebHost", "WebHost", "{627BA7E7-B5BF-4281-ABD2-A9E2BCAAD887}"
EndProject
Project("{9A19103F-16F7-4668-BE54-9A1E7A4F7556}") = "WebHost.Customisation", "building\WebHostCustomisation\WebHost.Customisation.csproj", "{7058A8EA-7D7C-40E3-96D2-18570EF363A0}"
EndProject
Project("{2150E333-8FDC-42A3-9474-1A3956D46DE8}") = "Utils", "Utils", "{25430444-78D5-43BE-967D-F95B5FDC044A}"
EndProject
Project("{9A19103F-16F7-4668-BE54-9A1E7A4F7556}") = "TestApiKeyGen", "utils\PViMS.TestApiKeyGen\TestApiKeyGen.csproj", "{E48FC34B-A19F-4397-9714-3CDAC5AC42A0}"
EndProject
Project("{2150E333-8FDC-42A3-9474-1A3956D46DE8}") = "EventBus", "EventBus", "{391AFF1E-1C4B-4E0F-9C3B-756683EBEE5F}"
EndProject
Project("{9A19103F-16F7-4668-BE54-9A1E7A4F7556}") = "EventBus", "building\EventBus\EventBus\EventBus.csproj", "{E6155286-DB08-4C07-BE86-F90491BED5D7}"
EndProject
Project("{9A19103F-16F7-4668-BE54-9A1E7A4F7556}") = "EventBusRabbitMQ", "building\EventBus\EventBusRabbitMQ\EventBusRabbitMQ.csproj", "{2F09C333-30D9-4F40-BABB-091BE4E6BB2A}"
EndProject
Project("{9A19103F-16F7-4668-BE54-9A1E7A4F7556}") = "IntegrationEventLogEF", "building\EventBus\IntegrationEventLogEF\IntegrationEventLogEF.csproj", "{10C43D85-856E-42CE-B399-BA8E61AC9CD9}"
EndProject
Project("{2150E333-8FDC-42A3-9474-1A3956D46DE8}") = "Services", "Services", "{ED988E77-5874-430D-A725-026A76046B4D}"
EndProject
Project("{2150E333-8FDC-42A3-9474-1A3956D46DE8}") = "pv-main", "pv-main", "{04B08715-CFCD-44D8-AED4-02B87071EA07}"
EndProject
Project("{2150E333-8FDC-42A3-9474-1A3956D46DE8}") = "pv-data", "pv-data", "{816DF8F8-1679-4C21-85AE-A03EB022714A}"
EndProject
Project("{2150E333-8FDC-42A3-9474-1A3956D46DE8}") = "pv-localisation", "pv-localisation", "{424F8691-EFDF-4DE7-8DE3-960EAE26C6A6}"
EndProject
Project("{2150E333-8FDC-42A3-9474-1A3956D46DE8}") = "pv-globalisation", "pv-globalisation", "{B2EE9BA6-28BF-4E93-9EFB-D66859BA3CDB}"
EndProject
Project("{2150E333-8FDC-42A3-9474-1A3956D46DE8}") = "pv-smart", "pv-smart", "{E6B955FD-2832-4E01-A1C5-6A55A9F341FF}"
EndProject
Project("{FAE04EC0-301F-11D3-BF4B-00C04F79EFBC}") = "Main.Infrastructure.MySQL", "service\pv-main\main.infrastructure.mysql\Main.Infrastructure.MySQL.csproj", "{21C07E78-2AE4-4B33-BEE9-A2037DA3293C}"
EndProject
Project("{FAE04EC0-301F-11D3-BF4B-00C04F79EFBC}") = "Main.Infrastructure.SQL", "service\pv-main\main.infrastructure.sql\Main.Infrastructure.SQL.csproj", "{E1E5688B-A3E2-4598-8251-6569F21F3D96}"
EndProject
Global
	GlobalSection(SolutionConfigurationPlatforms) = preSolution
		CodeAnalysis|Any CPU = CodeAnalysis|Any CPU
		CodeAnalysis|ARM = CodeAnalysis|ARM
		CodeAnalysis|x64 = CodeAnalysis|x64
		CodeAnalysis|x86 = CodeAnalysis|x86
		Debug|Any CPU = Debug|Any CPU
		Debug|ARM = Debug|ARM
		Debug|x64 = Debug|x64
		Debug|x86 = Debug|x86
		Release|Any CPU = Release|Any CPU
		Release|ARM = Release|ARM
		Release|x64 = Release|x64
		Release|x86 = Release|x86
		Test|Any CPU = Test|Any CPU
		Test|ARM = Test|ARM
		Test|x64 = Test|x64
		Test|x86 = Test|x86
	EndGlobalSection
	GlobalSection(ProjectConfigurationPlatforms) = postSolution
		{3447BA39-CA44-4079-8572-3CEF77D774AC}.CodeAnalysis|Any CPU.ActiveCfg = Debug|Any CPU
		{3447BA39-CA44-4079-8572-3CEF77D774AC}.CodeAnalysis|Any CPU.Build.0 = Debug|Any CPU
		{3447BA39-CA44-4079-8572-3CEF77D774AC}.CodeAnalysis|ARM.ActiveCfg = Debug|Any CPU
		{3447BA39-CA44-4079-8572-3CEF77D774AC}.CodeAnalysis|ARM.Build.0 = Debug|Any CPU
		{3447BA39-CA44-4079-8572-3CEF77D774AC}.CodeAnalysis|x64.ActiveCfg = Debug|Any CPU
		{3447BA39-CA44-4079-8572-3CEF77D774AC}.CodeAnalysis|x64.Build.0 = Debug|Any CPU
		{3447BA39-CA44-4079-8572-3CEF77D774AC}.CodeAnalysis|x86.ActiveCfg = Debug|Any CPU
		{3447BA39-CA44-4079-8572-3CEF77D774AC}.CodeAnalysis|x86.Build.0 = Debug|Any CPU
		{3447BA39-CA44-4079-8572-3CEF77D774AC}.Debug|Any CPU.ActiveCfg = Debug|Any CPU
		{3447BA39-CA44-4079-8572-3CEF77D774AC}.Debug|Any CPU.Build.0 = Debug|Any CPU
		{3447BA39-CA44-4079-8572-3CEF77D774AC}.Debug|ARM.ActiveCfg = Debug|Any CPU
		{3447BA39-CA44-4079-8572-3CEF77D774AC}.Debug|ARM.Build.0 = Debug|Any CPU
		{3447BA39-CA44-4079-8572-3CEF77D774AC}.Debug|x64.ActiveCfg = Debug|Any CPU
		{3447BA39-CA44-4079-8572-3CEF77D774AC}.Debug|x64.Build.0 = Debug|Any CPU
		{3447BA39-CA44-4079-8572-3CEF77D774AC}.Debug|x86.ActiveCfg = Debug|Any CPU
		{3447BA39-CA44-4079-8572-3CEF77D774AC}.Debug|x86.Build.0 = Debug|Any CPU
		{3447BA39-CA44-4079-8572-3CEF77D774AC}.Release|Any CPU.ActiveCfg = Release|Any CPU
		{3447BA39-CA44-4079-8572-3CEF77D774AC}.Release|Any CPU.Build.0 = Release|Any CPU
		{3447BA39-CA44-4079-8572-3CEF77D774AC}.Release|ARM.ActiveCfg = Release|Any CPU
		{3447BA39-CA44-4079-8572-3CEF77D774AC}.Release|ARM.Build.0 = Release|Any CPU
		{3447BA39-CA44-4079-8572-3CEF77D774AC}.Release|x64.ActiveCfg = Release|Any CPU
		{3447BA39-CA44-4079-8572-3CEF77D774AC}.Release|x64.Build.0 = Release|Any CPU
		{3447BA39-CA44-4079-8572-3CEF77D774AC}.Release|x86.ActiveCfg = Release|Any CPU
		{3447BA39-CA44-4079-8572-3CEF77D774AC}.Release|x86.Build.0 = Release|Any CPU
		{3447BA39-CA44-4079-8572-3CEF77D774AC}.Test|Any CPU.ActiveCfg = Debug|Any CPU
		{3447BA39-CA44-4079-8572-3CEF77D774AC}.Test|Any CPU.Build.0 = Debug|Any CPU
		{3447BA39-CA44-4079-8572-3CEF77D774AC}.Test|ARM.ActiveCfg = Debug|Any CPU
		{3447BA39-CA44-4079-8572-3CEF77D774AC}.Test|ARM.Build.0 = Debug|Any CPU
		{3447BA39-CA44-4079-8572-3CEF77D774AC}.Test|x64.ActiveCfg = Debug|Any CPU
		{3447BA39-CA44-4079-8572-3CEF77D774AC}.Test|x64.Build.0 = Debug|Any CPU
		{3447BA39-CA44-4079-8572-3CEF77D774AC}.Test|x86.ActiveCfg = Debug|Any CPU
		{3447BA39-CA44-4079-8572-3CEF77D774AC}.Test|x86.Build.0 = Debug|Any CPU
		{8D024EAE-DDD2-43CF-9A18-5675301860AE}.CodeAnalysis|Any CPU.ActiveCfg = Debug|Any CPU
		{8D024EAE-DDD2-43CF-9A18-5675301860AE}.CodeAnalysis|Any CPU.Build.0 = Debug|Any CPU
		{8D024EAE-DDD2-43CF-9A18-5675301860AE}.CodeAnalysis|ARM.ActiveCfg = Debug|Any CPU
		{8D024EAE-DDD2-43CF-9A18-5675301860AE}.CodeAnalysis|ARM.Build.0 = Debug|Any CPU
		{8D024EAE-DDD2-43CF-9A18-5675301860AE}.CodeAnalysis|x64.ActiveCfg = Debug|Any CPU
		{8D024EAE-DDD2-43CF-9A18-5675301860AE}.CodeAnalysis|x64.Build.0 = Debug|Any CPU
		{8D024EAE-DDD2-43CF-9A18-5675301860AE}.CodeAnalysis|x86.ActiveCfg = Debug|Any CPU
		{8D024EAE-DDD2-43CF-9A18-5675301860AE}.CodeAnalysis|x86.Build.0 = Debug|Any CPU
		{8D024EAE-DDD2-43CF-9A18-5675301860AE}.Debug|Any CPU.ActiveCfg = Debug|Any CPU
		{8D024EAE-DDD2-43CF-9A18-5675301860AE}.Debug|Any CPU.Build.0 = Debug|Any CPU
		{8D024EAE-DDD2-43CF-9A18-5675301860AE}.Debug|ARM.ActiveCfg = Debug|Any CPU
		{8D024EAE-DDD2-43CF-9A18-5675301860AE}.Debug|ARM.Build.0 = Debug|Any CPU
		{8D024EAE-DDD2-43CF-9A18-5675301860AE}.Debug|x64.ActiveCfg = Debug|Any CPU
		{8D024EAE-DDD2-43CF-9A18-5675301860AE}.Debug|x64.Build.0 = Debug|Any CPU
		{8D024EAE-DDD2-43CF-9A18-5675301860AE}.Debug|x86.ActiveCfg = Debug|Any CPU
		{8D024EAE-DDD2-43CF-9A18-5675301860AE}.Debug|x86.Build.0 = Debug|Any CPU
		{8D024EAE-DDD2-43CF-9A18-5675301860AE}.Release|Any CPU.ActiveCfg = Release|Any CPU
		{8D024EAE-DDD2-43CF-9A18-5675301860AE}.Release|Any CPU.Build.0 = Release|Any CPU
		{8D024EAE-DDD2-43CF-9A18-5675301860AE}.Release|ARM.ActiveCfg = Release|Any CPU
		{8D024EAE-DDD2-43CF-9A18-5675301860AE}.Release|ARM.Build.0 = Release|Any CPU
		{8D024EAE-DDD2-43CF-9A18-5675301860AE}.Release|x64.ActiveCfg = Release|Any CPU
		{8D024EAE-DDD2-43CF-9A18-5675301860AE}.Release|x64.Build.0 = Release|Any CPU
		{8D024EAE-DDD2-43CF-9A18-5675301860AE}.Release|x86.ActiveCfg = Release|Any CPU
		{8D024EAE-DDD2-43CF-9A18-5675301860AE}.Release|x86.Build.0 = Release|Any CPU
		{8D024EAE-DDD2-43CF-9A18-5675301860AE}.Test|Any CPU.ActiveCfg = Debug|Any CPU
		{8D024EAE-DDD2-43CF-9A18-5675301860AE}.Test|Any CPU.Build.0 = Debug|Any CPU
		{8D024EAE-DDD2-43CF-9A18-5675301860AE}.Test|ARM.ActiveCfg = Debug|Any CPU
		{8D024EAE-DDD2-43CF-9A18-5675301860AE}.Test|ARM.Build.0 = Debug|Any CPU
		{8D024EAE-DDD2-43CF-9A18-5675301860AE}.Test|x64.ActiveCfg = Debug|Any CPU
		{8D024EAE-DDD2-43CF-9A18-5675301860AE}.Test|x64.Build.0 = Debug|Any CPU
		{8D024EAE-DDD2-43CF-9A18-5675301860AE}.Test|x86.ActiveCfg = Debug|Any CPU
		{8D024EAE-DDD2-43CF-9A18-5675301860AE}.Test|x86.Build.0 = Debug|Any CPU
		{FE859B22-9168-465A-9554-BD185CF19801}.CodeAnalysis|Any CPU.ActiveCfg = Debug|Any CPU
		{FE859B22-9168-465A-9554-BD185CF19801}.CodeAnalysis|Any CPU.Build.0 = Debug|Any CPU
		{FE859B22-9168-465A-9554-BD185CF19801}.CodeAnalysis|ARM.ActiveCfg = Debug|Any CPU
		{FE859B22-9168-465A-9554-BD185CF19801}.CodeAnalysis|ARM.Build.0 = Debug|Any CPU
		{FE859B22-9168-465A-9554-BD185CF19801}.CodeAnalysis|x64.ActiveCfg = Debug|Any CPU
		{FE859B22-9168-465A-9554-BD185CF19801}.CodeAnalysis|x64.Build.0 = Debug|Any CPU
		{FE859B22-9168-465A-9554-BD185CF19801}.CodeAnalysis|x86.ActiveCfg = Debug|Any CPU
		{FE859B22-9168-465A-9554-BD185CF19801}.CodeAnalysis|x86.Build.0 = Debug|Any CPU
		{FE859B22-9168-465A-9554-BD185CF19801}.Debug|Any CPU.ActiveCfg = Debug|Any CPU
		{FE859B22-9168-465A-9554-BD185CF19801}.Debug|Any CPU.Build.0 = Debug|Any CPU
		{FE859B22-9168-465A-9554-BD185CF19801}.Debug|ARM.ActiveCfg = Debug|Any CPU
		{FE859B22-9168-465A-9554-BD185CF19801}.Debug|ARM.Build.0 = Debug|Any CPU
		{FE859B22-9168-465A-9554-BD185CF19801}.Debug|x64.ActiveCfg = Debug|Any CPU
		{FE859B22-9168-465A-9554-BD185CF19801}.Debug|x64.Build.0 = Debug|Any CPU
		{FE859B22-9168-465A-9554-BD185CF19801}.Debug|x86.ActiveCfg = Debug|Any CPU
		{FE859B22-9168-465A-9554-BD185CF19801}.Debug|x86.Build.0 = Debug|Any CPU
		{FE859B22-9168-465A-9554-BD185CF19801}.Release|Any CPU.ActiveCfg = Release|Any CPU
		{FE859B22-9168-465A-9554-BD185CF19801}.Release|Any CPU.Build.0 = Release|Any CPU
		{FE859B22-9168-465A-9554-BD185CF19801}.Release|ARM.ActiveCfg = Release|Any CPU
		{FE859B22-9168-465A-9554-BD185CF19801}.Release|ARM.Build.0 = Release|Any CPU
		{FE859B22-9168-465A-9554-BD185CF19801}.Release|x64.ActiveCfg = Release|Any CPU
		{FE859B22-9168-465A-9554-BD185CF19801}.Release|x64.Build.0 = Release|Any CPU
		{FE859B22-9168-465A-9554-BD185CF19801}.Release|x86.ActiveCfg = Release|Any CPU
		{FE859B22-9168-465A-9554-BD185CF19801}.Release|x86.Build.0 = Release|Any CPU
		{FE859B22-9168-465A-9554-BD185CF19801}.Test|Any CPU.ActiveCfg = Debug|Any CPU
		{FE859B22-9168-465A-9554-BD185CF19801}.Test|Any CPU.Build.0 = Debug|Any CPU
		{FE859B22-9168-465A-9554-BD185CF19801}.Test|ARM.ActiveCfg = Debug|Any CPU
		{FE859B22-9168-465A-9554-BD185CF19801}.Test|ARM.Build.0 = Debug|Any CPU
		{FE859B22-9168-465A-9554-BD185CF19801}.Test|x64.ActiveCfg = Debug|Any CPU
		{FE859B22-9168-465A-9554-BD185CF19801}.Test|x64.Build.0 = Debug|Any CPU
		{FE859B22-9168-465A-9554-BD185CF19801}.Test|x86.ActiveCfg = Debug|Any CPU
		{FE859B22-9168-465A-9554-BD185CF19801}.Test|x86.Build.0 = Debug|Any CPU
		{DD42E029-BFA1-4CB3-9275-1EE35FA5A8C4}.CodeAnalysis|Any CPU.ActiveCfg = Debug|Any CPU
		{DD42E029-BFA1-4CB3-9275-1EE35FA5A8C4}.CodeAnalysis|Any CPU.Build.0 = Debug|Any CPU
		{DD42E029-BFA1-4CB3-9275-1EE35FA5A8C4}.CodeAnalysis|ARM.ActiveCfg = Debug|Any CPU
		{DD42E029-BFA1-4CB3-9275-1EE35FA5A8C4}.CodeAnalysis|ARM.Build.0 = Debug|Any CPU
		{DD42E029-BFA1-4CB3-9275-1EE35FA5A8C4}.CodeAnalysis|x64.ActiveCfg = Debug|Any CPU
		{DD42E029-BFA1-4CB3-9275-1EE35FA5A8C4}.CodeAnalysis|x64.Build.0 = Debug|Any CPU
		{DD42E029-BFA1-4CB3-9275-1EE35FA5A8C4}.CodeAnalysis|x86.ActiveCfg = Debug|Any CPU
		{DD42E029-BFA1-4CB3-9275-1EE35FA5A8C4}.CodeAnalysis|x86.Build.0 = Debug|Any CPU
		{DD42E029-BFA1-4CB3-9275-1EE35FA5A8C4}.Debug|Any CPU.ActiveCfg = Debug|Any CPU
		{DD42E029-BFA1-4CB3-9275-1EE35FA5A8C4}.Debug|Any CPU.Build.0 = Debug|Any CPU
		{DD42E029-BFA1-4CB3-9275-1EE35FA5A8C4}.Debug|ARM.ActiveCfg = Debug|Any CPU
		{DD42E029-BFA1-4CB3-9275-1EE35FA5A8C4}.Debug|ARM.Build.0 = Debug|Any CPU
		{DD42E029-BFA1-4CB3-9275-1EE35FA5A8C4}.Debug|x64.ActiveCfg = Debug|Any CPU
		{DD42E029-BFA1-4CB3-9275-1EE35FA5A8C4}.Debug|x64.Build.0 = Debug|Any CPU
		{DD42E029-BFA1-4CB3-9275-1EE35FA5A8C4}.Debug|x86.ActiveCfg = Debug|Any CPU
		{DD42E029-BFA1-4CB3-9275-1EE35FA5A8C4}.Debug|x86.Build.0 = Debug|Any CPU
		{DD42E029-BFA1-4CB3-9275-1EE35FA5A8C4}.Release|Any CPU.ActiveCfg = Release|Any CPU
		{DD42E029-BFA1-4CB3-9275-1EE35FA5A8C4}.Release|Any CPU.Build.0 = Release|Any CPU
		{DD42E029-BFA1-4CB3-9275-1EE35FA5A8C4}.Release|ARM.ActiveCfg = Release|Any CPU
		{DD42E029-BFA1-4CB3-9275-1EE35FA5A8C4}.Release|ARM.Build.0 = Release|Any CPU
		{DD42E029-BFA1-4CB3-9275-1EE35FA5A8C4}.Release|x64.ActiveCfg = Release|Any CPU
		{DD42E029-BFA1-4CB3-9275-1EE35FA5A8C4}.Release|x64.Build.0 = Release|Any CPU
		{DD42E029-BFA1-4CB3-9275-1EE35FA5A8C4}.Release|x86.ActiveCfg = Release|Any CPU
		{DD42E029-BFA1-4CB3-9275-1EE35FA5A8C4}.Release|x86.Build.0 = Release|Any CPU
		{DD42E029-BFA1-4CB3-9275-1EE35FA5A8C4}.Test|Any CPU.ActiveCfg = Debug|Any CPU
		{DD42E029-BFA1-4CB3-9275-1EE35FA5A8C4}.Test|Any CPU.Build.0 = Debug|Any CPU
		{DD42E029-BFA1-4CB3-9275-1EE35FA5A8C4}.Test|ARM.ActiveCfg = Debug|Any CPU
		{DD42E029-BFA1-4CB3-9275-1EE35FA5A8C4}.Test|ARM.Build.0 = Debug|Any CPU
		{DD42E029-BFA1-4CB3-9275-1EE35FA5A8C4}.Test|x64.ActiveCfg = Debug|Any CPU
		{DD42E029-BFA1-4CB3-9275-1EE35FA5A8C4}.Test|x64.Build.0 = Debug|Any CPU
		{DD42E029-BFA1-4CB3-9275-1EE35FA5A8C4}.Test|x86.ActiveCfg = Debug|Any CPU
		{DD42E029-BFA1-4CB3-9275-1EE35FA5A8C4}.Test|x86.Build.0 = Debug|Any CPU
		{7058A8EA-7D7C-40E3-96D2-18570EF363A0}.CodeAnalysis|Any CPU.ActiveCfg = Debug|Any CPU
		{7058A8EA-7D7C-40E3-96D2-18570EF363A0}.CodeAnalysis|Any CPU.Build.0 = Debug|Any CPU
		{7058A8EA-7D7C-40E3-96D2-18570EF363A0}.CodeAnalysis|ARM.ActiveCfg = Debug|Any CPU
		{7058A8EA-7D7C-40E3-96D2-18570EF363A0}.CodeAnalysis|ARM.Build.0 = Debug|Any CPU
		{7058A8EA-7D7C-40E3-96D2-18570EF363A0}.CodeAnalysis|x64.ActiveCfg = Debug|Any CPU
		{7058A8EA-7D7C-40E3-96D2-18570EF363A0}.CodeAnalysis|x64.Build.0 = Debug|Any CPU
		{7058A8EA-7D7C-40E3-96D2-18570EF363A0}.CodeAnalysis|x86.ActiveCfg = Debug|Any CPU
		{7058A8EA-7D7C-40E3-96D2-18570EF363A0}.CodeAnalysis|x86.Build.0 = Debug|Any CPU
		{7058A8EA-7D7C-40E3-96D2-18570EF363A0}.Debug|Any CPU.ActiveCfg = Debug|Any CPU
		{7058A8EA-7D7C-40E3-96D2-18570EF363A0}.Debug|Any CPU.Build.0 = Debug|Any CPU
		{7058A8EA-7D7C-40E3-96D2-18570EF363A0}.Debug|ARM.ActiveCfg = Debug|Any CPU
		{7058A8EA-7D7C-40E3-96D2-18570EF363A0}.Debug|ARM.Build.0 = Debug|Any CPU
		{7058A8EA-7D7C-40E3-96D2-18570EF363A0}.Debug|x64.ActiveCfg = Debug|Any CPU
		{7058A8EA-7D7C-40E3-96D2-18570EF363A0}.Debug|x64.Build.0 = Debug|Any CPU
		{7058A8EA-7D7C-40E3-96D2-18570EF363A0}.Debug|x86.ActiveCfg = Debug|Any CPU
		{7058A8EA-7D7C-40E3-96D2-18570EF363A0}.Debug|x86.Build.0 = Debug|Any CPU
		{7058A8EA-7D7C-40E3-96D2-18570EF363A0}.Release|Any CPU.ActiveCfg = Release|Any CPU
		{7058A8EA-7D7C-40E3-96D2-18570EF363A0}.Release|Any CPU.Build.0 = Release|Any CPU
		{7058A8EA-7D7C-40E3-96D2-18570EF363A0}.Release|ARM.ActiveCfg = Release|Any CPU
		{7058A8EA-7D7C-40E3-96D2-18570EF363A0}.Release|ARM.Build.0 = Release|Any CPU
		{7058A8EA-7D7C-40E3-96D2-18570EF363A0}.Release|x64.ActiveCfg = Release|Any CPU
		{7058A8EA-7D7C-40E3-96D2-18570EF363A0}.Release|x64.Build.0 = Release|Any CPU
		{7058A8EA-7D7C-40E3-96D2-18570EF363A0}.Release|x86.ActiveCfg = Release|Any CPU
		{7058A8EA-7D7C-40E3-96D2-18570EF363A0}.Release|x86.Build.0 = Release|Any CPU
		{7058A8EA-7D7C-40E3-96D2-18570EF363A0}.Test|Any CPU.ActiveCfg = Debug|Any CPU
		{7058A8EA-7D7C-40E3-96D2-18570EF363A0}.Test|Any CPU.Build.0 = Debug|Any CPU
		{7058A8EA-7D7C-40E3-96D2-18570EF363A0}.Test|ARM.ActiveCfg = Debug|Any CPU
		{7058A8EA-7D7C-40E3-96D2-18570EF363A0}.Test|ARM.Build.0 = Debug|Any CPU
		{7058A8EA-7D7C-40E3-96D2-18570EF363A0}.Test|x64.ActiveCfg = Debug|Any CPU
		{7058A8EA-7D7C-40E3-96D2-18570EF363A0}.Test|x64.Build.0 = Debug|Any CPU
		{7058A8EA-7D7C-40E3-96D2-18570EF363A0}.Test|x86.ActiveCfg = Debug|Any CPU
		{7058A8EA-7D7C-40E3-96D2-18570EF363A0}.Test|x86.Build.0 = Debug|Any CPU
		{E48FC34B-A19F-4397-9714-3CDAC5AC42A0}.CodeAnalysis|Any CPU.ActiveCfg = Debug|Any CPU
		{E48FC34B-A19F-4397-9714-3CDAC5AC42A0}.CodeAnalysis|Any CPU.Build.0 = Debug|Any CPU
		{E48FC34B-A19F-4397-9714-3CDAC5AC42A0}.CodeAnalysis|ARM.ActiveCfg = Debug|Any CPU
		{E48FC34B-A19F-4397-9714-3CDAC5AC42A0}.CodeAnalysis|ARM.Build.0 = Debug|Any CPU
		{E48FC34B-A19F-4397-9714-3CDAC5AC42A0}.CodeAnalysis|x64.ActiveCfg = Debug|Any CPU
		{E48FC34B-A19F-4397-9714-3CDAC5AC42A0}.CodeAnalysis|x64.Build.0 = Debug|Any CPU
		{E48FC34B-A19F-4397-9714-3CDAC5AC42A0}.CodeAnalysis|x86.ActiveCfg = Debug|Any CPU
		{E48FC34B-A19F-4397-9714-3CDAC5AC42A0}.CodeAnalysis|x86.Build.0 = Debug|Any CPU
		{E48FC34B-A19F-4397-9714-3CDAC5AC42A0}.Debug|Any CPU.ActiveCfg = Debug|Any CPU
		{E48FC34B-A19F-4397-9714-3CDAC5AC42A0}.Debug|Any CPU.Build.0 = Debug|Any CPU
		{E48FC34B-A19F-4397-9714-3CDAC5AC42A0}.Debug|ARM.ActiveCfg = Debug|Any CPU
		{E48FC34B-A19F-4397-9714-3CDAC5AC42A0}.Debug|ARM.Build.0 = Debug|Any CPU
		{E48FC34B-A19F-4397-9714-3CDAC5AC42A0}.Debug|x64.ActiveCfg = Debug|Any CPU
		{E48FC34B-A19F-4397-9714-3CDAC5AC42A0}.Debug|x64.Build.0 = Debug|Any CPU
		{E48FC34B-A19F-4397-9714-3CDAC5AC42A0}.Debug|x86.ActiveCfg = Debug|Any CPU
		{E48FC34B-A19F-4397-9714-3CDAC5AC42A0}.Debug|x86.Build.0 = Debug|Any CPU
		{E48FC34B-A19F-4397-9714-3CDAC5AC42A0}.Release|Any CPU.ActiveCfg = Release|Any CPU
		{E48FC34B-A19F-4397-9714-3CDAC5AC42A0}.Release|Any CPU.Build.0 = Release|Any CPU
		{E48FC34B-A19F-4397-9714-3CDAC5AC42A0}.Release|ARM.ActiveCfg = Release|Any CPU
		{E48FC34B-A19F-4397-9714-3CDAC5AC42A0}.Release|ARM.Build.0 = Release|Any CPU
		{E48FC34B-A19F-4397-9714-3CDAC5AC42A0}.Release|x64.ActiveCfg = Release|Any CPU
		{E48FC34B-A19F-4397-9714-3CDAC5AC42A0}.Release|x64.Build.0 = Release|Any CPU
		{E48FC34B-A19F-4397-9714-3CDAC5AC42A0}.Release|x86.ActiveCfg = Release|Any CPU
		{E48FC34B-A19F-4397-9714-3CDAC5AC42A0}.Release|x86.Build.0 = Release|Any CPU
		{E48FC34B-A19F-4397-9714-3CDAC5AC42A0}.Test|Any CPU.ActiveCfg = Debug|Any CPU
		{E48FC34B-A19F-4397-9714-3CDAC5AC42A0}.Test|Any CPU.Build.0 = Debug|Any CPU
		{E48FC34B-A19F-4397-9714-3CDAC5AC42A0}.Test|ARM.ActiveCfg = Debug|Any CPU
		{E48FC34B-A19F-4397-9714-3CDAC5AC42A0}.Test|ARM.Build.0 = Debug|Any CPU
		{E48FC34B-A19F-4397-9714-3CDAC5AC42A0}.Test|x64.ActiveCfg = Debug|Any CPU
		{E48FC34B-A19F-4397-9714-3CDAC5AC42A0}.Test|x64.Build.0 = Debug|Any CPU
		{E48FC34B-A19F-4397-9714-3CDAC5AC42A0}.Test|x86.ActiveCfg = Debug|Any CPU
		{E48FC34B-A19F-4397-9714-3CDAC5AC42A0}.Test|x86.Build.0 = Debug|Any CPU
		{E6155286-DB08-4C07-BE86-F90491BED5D7}.CodeAnalysis|Any CPU.ActiveCfg = Debug|Any CPU
		{E6155286-DB08-4C07-BE86-F90491BED5D7}.CodeAnalysis|Any CPU.Build.0 = Debug|Any CPU
		{E6155286-DB08-4C07-BE86-F90491BED5D7}.CodeAnalysis|ARM.ActiveCfg = Debug|Any CPU
		{E6155286-DB08-4C07-BE86-F90491BED5D7}.CodeAnalysis|ARM.Build.0 = Debug|Any CPU
		{E6155286-DB08-4C07-BE86-F90491BED5D7}.CodeAnalysis|x64.ActiveCfg = Debug|Any CPU
		{E6155286-DB08-4C07-BE86-F90491BED5D7}.CodeAnalysis|x64.Build.0 = Debug|Any CPU
		{E6155286-DB08-4C07-BE86-F90491BED5D7}.CodeAnalysis|x86.ActiveCfg = Debug|Any CPU
		{E6155286-DB08-4C07-BE86-F90491BED5D7}.CodeAnalysis|x86.Build.0 = Debug|Any CPU
		{E6155286-DB08-4C07-BE86-F90491BED5D7}.Debug|Any CPU.ActiveCfg = Debug|Any CPU
		{E6155286-DB08-4C07-BE86-F90491BED5D7}.Debug|Any CPU.Build.0 = Debug|Any CPU
		{E6155286-DB08-4C07-BE86-F90491BED5D7}.Debug|ARM.ActiveCfg = Debug|Any CPU
		{E6155286-DB08-4C07-BE86-F90491BED5D7}.Debug|ARM.Build.0 = Debug|Any CPU
		{E6155286-DB08-4C07-BE86-F90491BED5D7}.Debug|x64.ActiveCfg = Debug|Any CPU
		{E6155286-DB08-4C07-BE86-F90491BED5D7}.Debug|x64.Build.0 = Debug|Any CPU
		{E6155286-DB08-4C07-BE86-F90491BED5D7}.Debug|x86.ActiveCfg = Debug|Any CPU
		{E6155286-DB08-4C07-BE86-F90491BED5D7}.Debug|x86.Build.0 = Debug|Any CPU
		{E6155286-DB08-4C07-BE86-F90491BED5D7}.Release|Any CPU.ActiveCfg = Release|Any CPU
		{E6155286-DB08-4C07-BE86-F90491BED5D7}.Release|Any CPU.Build.0 = Release|Any CPU
		{E6155286-DB08-4C07-BE86-F90491BED5D7}.Release|ARM.ActiveCfg = Release|Any CPU
		{E6155286-DB08-4C07-BE86-F90491BED5D7}.Release|ARM.Build.0 = Release|Any CPU
		{E6155286-DB08-4C07-BE86-F90491BED5D7}.Release|x64.ActiveCfg = Release|Any CPU
		{E6155286-DB08-4C07-BE86-F90491BED5D7}.Release|x64.Build.0 = Release|Any CPU
		{E6155286-DB08-4C07-BE86-F90491BED5D7}.Release|x86.ActiveCfg = Release|Any CPU
		{E6155286-DB08-4C07-BE86-F90491BED5D7}.Release|x86.Build.0 = Release|Any CPU
		{E6155286-DB08-4C07-BE86-F90491BED5D7}.Test|Any CPU.ActiveCfg = Debug|Any CPU
		{E6155286-DB08-4C07-BE86-F90491BED5D7}.Test|Any CPU.Build.0 = Debug|Any CPU
		{E6155286-DB08-4C07-BE86-F90491BED5D7}.Test|ARM.ActiveCfg = Debug|Any CPU
		{E6155286-DB08-4C07-BE86-F90491BED5D7}.Test|ARM.Build.0 = Debug|Any CPU
		{E6155286-DB08-4C07-BE86-F90491BED5D7}.Test|x64.ActiveCfg = Debug|Any CPU
		{E6155286-DB08-4C07-BE86-F90491BED5D7}.Test|x64.Build.0 = Debug|Any CPU
		{E6155286-DB08-4C07-BE86-F90491BED5D7}.Test|x86.ActiveCfg = Debug|Any CPU
		{E6155286-DB08-4C07-BE86-F90491BED5D7}.Test|x86.Build.0 = Debug|Any CPU
		{2F09C333-30D9-4F40-BABB-091BE4E6BB2A}.CodeAnalysis|Any CPU.ActiveCfg = Debug|Any CPU
		{2F09C333-30D9-4F40-BABB-091BE4E6BB2A}.CodeAnalysis|Any CPU.Build.0 = Debug|Any CPU
		{2F09C333-30D9-4F40-BABB-091BE4E6BB2A}.CodeAnalysis|ARM.ActiveCfg = Debug|Any CPU
		{2F09C333-30D9-4F40-BABB-091BE4E6BB2A}.CodeAnalysis|ARM.Build.0 = Debug|Any CPU
		{2F09C333-30D9-4F40-BABB-091BE4E6BB2A}.CodeAnalysis|x64.ActiveCfg = Debug|Any CPU
		{2F09C333-30D9-4F40-BABB-091BE4E6BB2A}.CodeAnalysis|x64.Build.0 = Debug|Any CPU
		{2F09C333-30D9-4F40-BABB-091BE4E6BB2A}.CodeAnalysis|x86.ActiveCfg = Debug|Any CPU
		{2F09C333-30D9-4F40-BABB-091BE4E6BB2A}.CodeAnalysis|x86.Build.0 = Debug|Any CPU
		{2F09C333-30D9-4F40-BABB-091BE4E6BB2A}.Debug|Any CPU.ActiveCfg = Debug|Any CPU
		{2F09C333-30D9-4F40-BABB-091BE4E6BB2A}.Debug|Any CPU.Build.0 = Debug|Any CPU
		{2F09C333-30D9-4F40-BABB-091BE4E6BB2A}.Debug|ARM.ActiveCfg = Debug|Any CPU
		{2F09C333-30D9-4F40-BABB-091BE4E6BB2A}.Debug|ARM.Build.0 = Debug|Any CPU
		{2F09C333-30D9-4F40-BABB-091BE4E6BB2A}.Debug|x64.ActiveCfg = Debug|Any CPU
		{2F09C333-30D9-4F40-BABB-091BE4E6BB2A}.Debug|x64.Build.0 = Debug|Any CPU
		{2F09C333-30D9-4F40-BABB-091BE4E6BB2A}.Debug|x86.ActiveCfg = Debug|Any CPU
		{2F09C333-30D9-4F40-BABB-091BE4E6BB2A}.Debug|x86.Build.0 = Debug|Any CPU
		{2F09C333-30D9-4F40-BABB-091BE4E6BB2A}.Release|Any CPU.ActiveCfg = Release|Any CPU
		{2F09C333-30D9-4F40-BABB-091BE4E6BB2A}.Release|Any CPU.Build.0 = Release|Any CPU
		{2F09C333-30D9-4F40-BABB-091BE4E6BB2A}.Release|ARM.ActiveCfg = Release|Any CPU
		{2F09C333-30D9-4F40-BABB-091BE4E6BB2A}.Release|ARM.Build.0 = Release|Any CPU
		{2F09C333-30D9-4F40-BABB-091BE4E6BB2A}.Release|x64.ActiveCfg = Release|Any CPU
		{2F09C333-30D9-4F40-BABB-091BE4E6BB2A}.Release|x64.Build.0 = Release|Any CPU
		{2F09C333-30D9-4F40-BABB-091BE4E6BB2A}.Release|x86.ActiveCfg = Release|Any CPU
		{2F09C333-30D9-4F40-BABB-091BE4E6BB2A}.Release|x86.Build.0 = Release|Any CPU
		{2F09C333-30D9-4F40-BABB-091BE4E6BB2A}.Test|Any CPU.ActiveCfg = Debug|Any CPU
		{2F09C333-30D9-4F40-BABB-091BE4E6BB2A}.Test|Any CPU.Build.0 = Debug|Any CPU
		{2F09C333-30D9-4F40-BABB-091BE4E6BB2A}.Test|ARM.ActiveCfg = Debug|Any CPU
		{2F09C333-30D9-4F40-BABB-091BE4E6BB2A}.Test|ARM.Build.0 = Debug|Any CPU
		{2F09C333-30D9-4F40-BABB-091BE4E6BB2A}.Test|x64.ActiveCfg = Debug|Any CPU
		{2F09C333-30D9-4F40-BABB-091BE4E6BB2A}.Test|x64.Build.0 = Debug|Any CPU
		{2F09C333-30D9-4F40-BABB-091BE4E6BB2A}.Test|x86.ActiveCfg = Debug|Any CPU
		{2F09C333-30D9-4F40-BABB-091BE4E6BB2A}.Test|x86.Build.0 = Debug|Any CPU
		{10C43D85-856E-42CE-B399-BA8E61AC9CD9}.CodeAnalysis|Any CPU.ActiveCfg = Debug|Any CPU
		{10C43D85-856E-42CE-B399-BA8E61AC9CD9}.CodeAnalysis|Any CPU.Build.0 = Debug|Any CPU
		{10C43D85-856E-42CE-B399-BA8E61AC9CD9}.CodeAnalysis|ARM.ActiveCfg = Debug|Any CPU
		{10C43D85-856E-42CE-B399-BA8E61AC9CD9}.CodeAnalysis|ARM.Build.0 = Debug|Any CPU
		{10C43D85-856E-42CE-B399-BA8E61AC9CD9}.CodeAnalysis|x64.ActiveCfg = Debug|Any CPU
		{10C43D85-856E-42CE-B399-BA8E61AC9CD9}.CodeAnalysis|x64.Build.0 = Debug|Any CPU
		{10C43D85-856E-42CE-B399-BA8E61AC9CD9}.CodeAnalysis|x86.ActiveCfg = Debug|Any CPU
		{10C43D85-856E-42CE-B399-BA8E61AC9CD9}.CodeAnalysis|x86.Build.0 = Debug|Any CPU
		{10C43D85-856E-42CE-B399-BA8E61AC9CD9}.Debug|Any CPU.ActiveCfg = Debug|Any CPU
		{10C43D85-856E-42CE-B399-BA8E61AC9CD9}.Debug|Any CPU.Build.0 = Debug|Any CPU
		{10C43D85-856E-42CE-B399-BA8E61AC9CD9}.Debug|ARM.ActiveCfg = Debug|Any CPU
		{10C43D85-856E-42CE-B399-BA8E61AC9CD9}.Debug|ARM.Build.0 = Debug|Any CPU
		{10C43D85-856E-42CE-B399-BA8E61AC9CD9}.Debug|x64.ActiveCfg = Debug|Any CPU
		{10C43D85-856E-42CE-B399-BA8E61AC9CD9}.Debug|x64.Build.0 = Debug|Any CPU
		{10C43D85-856E-42CE-B399-BA8E61AC9CD9}.Debug|x86.ActiveCfg = Debug|Any CPU
		{10C43D85-856E-42CE-B399-BA8E61AC9CD9}.Debug|x86.Build.0 = Debug|Any CPU
		{10C43D85-856E-42CE-B399-BA8E61AC9CD9}.Release|Any CPU.ActiveCfg = Release|Any CPU
		{10C43D85-856E-42CE-B399-BA8E61AC9CD9}.Release|Any CPU.Build.0 = Release|Any CPU
		{10C43D85-856E-42CE-B399-BA8E61AC9CD9}.Release|ARM.ActiveCfg = Release|Any CPU
		{10C43D85-856E-42CE-B399-BA8E61AC9CD9}.Release|ARM.Build.0 = Release|Any CPU
		{10C43D85-856E-42CE-B399-BA8E61AC9CD9}.Release|x64.ActiveCfg = Release|Any CPU
		{10C43D85-856E-42CE-B399-BA8E61AC9CD9}.Release|x64.Build.0 = Release|Any CPU
		{10C43D85-856E-42CE-B399-BA8E61AC9CD9}.Release|x86.ActiveCfg = Release|Any CPU
		{10C43D85-856E-42CE-B399-BA8E61AC9CD9}.Release|x86.Build.0 = Release|Any CPU
		{10C43D85-856E-42CE-B399-BA8E61AC9CD9}.Test|Any CPU.ActiveCfg = Debug|Any CPU
		{10C43D85-856E-42CE-B399-BA8E61AC9CD9}.Test|Any CPU.Build.0 = Debug|Any CPU
		{10C43D85-856E-42CE-B399-BA8E61AC9CD9}.Test|ARM.ActiveCfg = Debug|Any CPU
		{10C43D85-856E-42CE-B399-BA8E61AC9CD9}.Test|ARM.Build.0 = Debug|Any CPU
		{10C43D85-856E-42CE-B399-BA8E61AC9CD9}.Test|x64.ActiveCfg = Debug|Any CPU
		{10C43D85-856E-42CE-B399-BA8E61AC9CD9}.Test|x64.Build.0 = Debug|Any CPU
		{10C43D85-856E-42CE-B399-BA8E61AC9CD9}.Test|x86.ActiveCfg = Debug|Any CPU
		{10C43D85-856E-42CE-B399-BA8E61AC9CD9}.Test|x86.Build.0 = Debug|Any CPU
		{21C07E78-2AE4-4B33-BEE9-A2037DA3293C}.CodeAnalysis|Any CPU.ActiveCfg = Debug|Any CPU
		{21C07E78-2AE4-4B33-BEE9-A2037DA3293C}.CodeAnalysis|Any CPU.Build.0 = Debug|Any CPU
		{21C07E78-2AE4-4B33-BEE9-A2037DA3293C}.CodeAnalysis|ARM.ActiveCfg = Debug|Any CPU
		{21C07E78-2AE4-4B33-BEE9-A2037DA3293C}.CodeAnalysis|ARM.Build.0 = Debug|Any CPU
		{21C07E78-2AE4-4B33-BEE9-A2037DA3293C}.CodeAnalysis|x64.ActiveCfg = Debug|Any CPU
		{21C07E78-2AE4-4B33-BEE9-A2037DA3293C}.CodeAnalysis|x64.Build.0 = Debug|Any CPU
		{21C07E78-2AE4-4B33-BEE9-A2037DA3293C}.CodeAnalysis|x86.ActiveCfg = Debug|Any CPU
		{21C07E78-2AE4-4B33-BEE9-A2037DA3293C}.CodeAnalysis|x86.Build.0 = Debug|Any CPU
		{21C07E78-2AE4-4B33-BEE9-A2037DA3293C}.Debug|Any CPU.ActiveCfg = Debug|Any CPU
		{21C07E78-2AE4-4B33-BEE9-A2037DA3293C}.Debug|Any CPU.Build.0 = Debug|Any CPU
		{21C07E78-2AE4-4B33-BEE9-A2037DA3293C}.Debug|ARM.ActiveCfg = Debug|Any CPU
		{21C07E78-2AE4-4B33-BEE9-A2037DA3293C}.Debug|ARM.Build.0 = Debug|Any CPU
		{21C07E78-2AE4-4B33-BEE9-A2037DA3293C}.Debug|x64.ActiveCfg = Debug|Any CPU
		{21C07E78-2AE4-4B33-BEE9-A2037DA3293C}.Debug|x64.Build.0 = Debug|Any CPU
		{21C07E78-2AE4-4B33-BEE9-A2037DA3293C}.Debug|x86.ActiveCfg = Debug|Any CPU
		{21C07E78-2AE4-4B33-BEE9-A2037DA3293C}.Debug|x86.Build.0 = Debug|Any CPU
		{21C07E78-2AE4-4B33-BEE9-A2037DA3293C}.Release|Any CPU.ActiveCfg = Release|Any CPU
		{21C07E78-2AE4-4B33-BEE9-A2037DA3293C}.Release|Any CPU.Build.0 = Release|Any CPU
		{21C07E78-2AE4-4B33-BEE9-A2037DA3293C}.Release|ARM.ActiveCfg = Release|Any CPU
		{21C07E78-2AE4-4B33-BEE9-A2037DA3293C}.Release|ARM.Build.0 = Release|Any CPU
		{21C07E78-2AE4-4B33-BEE9-A2037DA3293C}.Release|x64.ActiveCfg = Release|Any CPU
		{21C07E78-2AE4-4B33-BEE9-A2037DA3293C}.Release|x64.Build.0 = Release|Any CPU
		{21C07E78-2AE4-4B33-BEE9-A2037DA3293C}.Release|x86.ActiveCfg = Release|Any CPU
		{21C07E78-2AE4-4B33-BEE9-A2037DA3293C}.Release|x86.Build.0 = Release|Any CPU
		{21C07E78-2AE4-4B33-BEE9-A2037DA3293C}.Test|Any CPU.ActiveCfg = Debug|Any CPU
		{21C07E78-2AE4-4B33-BEE9-A2037DA3293C}.Test|Any CPU.Build.0 = Debug|Any CPU
		{21C07E78-2AE4-4B33-BEE9-A2037DA3293C}.Test|ARM.ActiveCfg = Debug|Any CPU
		{21C07E78-2AE4-4B33-BEE9-A2037DA3293C}.Test|ARM.Build.0 = Debug|Any CPU
		{21C07E78-2AE4-4B33-BEE9-A2037DA3293C}.Test|x64.ActiveCfg = Debug|Any CPU
		{21C07E78-2AE4-4B33-BEE9-A2037DA3293C}.Test|x64.Build.0 = Debug|Any CPU
		{21C07E78-2AE4-4B33-BEE9-A2037DA3293C}.Test|x86.ActiveCfg = Debug|Any CPU
		{21C07E78-2AE4-4B33-BEE9-A2037DA3293C}.Test|x86.Build.0 = Debug|Any CPU
		{E1E5688B-A3E2-4598-8251-6569F21F3D96}.CodeAnalysis|Any CPU.ActiveCfg = Debug|Any CPU
		{E1E5688B-A3E2-4598-8251-6569F21F3D96}.CodeAnalysis|Any CPU.Build.0 = Debug|Any CPU
		{E1E5688B-A3E2-4598-8251-6569F21F3D96}.CodeAnalysis|ARM.ActiveCfg = Debug|Any CPU
		{E1E5688B-A3E2-4598-8251-6569F21F3D96}.CodeAnalysis|ARM.Build.0 = Debug|Any CPU
		{E1E5688B-A3E2-4598-8251-6569F21F3D96}.CodeAnalysis|x64.ActiveCfg = Debug|Any CPU
		{E1E5688B-A3E2-4598-8251-6569F21F3D96}.CodeAnalysis|x64.Build.0 = Debug|Any CPU
		{E1E5688B-A3E2-4598-8251-6569F21F3D96}.CodeAnalysis|x86.ActiveCfg = Debug|Any CPU
		{E1E5688B-A3E2-4598-8251-6569F21F3D96}.CodeAnalysis|x86.Build.0 = Debug|Any CPU
		{E1E5688B-A3E2-4598-8251-6569F21F3D96}.Debug|Any CPU.ActiveCfg = Debug|Any CPU
		{E1E5688B-A3E2-4598-8251-6569F21F3D96}.Debug|Any CPU.Build.0 = Debug|Any CPU
		{E1E5688B-A3E2-4598-8251-6569F21F3D96}.Debug|ARM.ActiveCfg = Debug|Any CPU
		{E1E5688B-A3E2-4598-8251-6569F21F3D96}.Debug|ARM.Build.0 = Debug|Any CPU
		{E1E5688B-A3E2-4598-8251-6569F21F3D96}.Debug|x64.ActiveCfg = Debug|Any CPU
		{E1E5688B-A3E2-4598-8251-6569F21F3D96}.Debug|x64.Build.0 = Debug|Any CPU
		{E1E5688B-A3E2-4598-8251-6569F21F3D96}.Debug|x86.ActiveCfg = Debug|Any CPU
		{E1E5688B-A3E2-4598-8251-6569F21F3D96}.Debug|x86.Build.0 = Debug|Any CPU
		{E1E5688B-A3E2-4598-8251-6569F21F3D96}.Release|Any CPU.ActiveCfg = Release|Any CPU
		{E1E5688B-A3E2-4598-8251-6569F21F3D96}.Release|Any CPU.Build.0 = Release|Any CPU
		{E1E5688B-A3E2-4598-8251-6569F21F3D96}.Release|ARM.ActiveCfg = Release|Any CPU
		{E1E5688B-A3E2-4598-8251-6569F21F3D96}.Release|ARM.Build.0 = Release|Any CPU
		{E1E5688B-A3E2-4598-8251-6569F21F3D96}.Release|x64.ActiveCfg = Release|Any CPU
		{E1E5688B-A3E2-4598-8251-6569F21F3D96}.Release|x64.Build.0 = Release|Any CPU
		{E1E5688B-A3E2-4598-8251-6569F21F3D96}.Release|x86.ActiveCfg = Release|Any CPU
		{E1E5688B-A3E2-4598-8251-6569F21F3D96}.Release|x86.Build.0 = Release|Any CPU
		{E1E5688B-A3E2-4598-8251-6569F21F3D96}.Test|Any CPU.ActiveCfg = Debug|Any CPU
		{E1E5688B-A3E2-4598-8251-6569F21F3D96}.Test|Any CPU.Build.0 = Debug|Any CPU
		{E1E5688B-A3E2-4598-8251-6569F21F3D96}.Test|ARM.ActiveCfg = Debug|Any CPU
		{E1E5688B-A3E2-4598-8251-6569F21F3D96}.Test|ARM.Build.0 = Debug|Any CPU
		{E1E5688B-A3E2-4598-8251-6569F21F3D96}.Test|x64.ActiveCfg = Debug|Any CPU
		{E1E5688B-A3E2-4598-8251-6569F21F3D96}.Test|x64.Build.0 = Debug|Any CPU
		{E1E5688B-A3E2-4598-8251-6569F21F3D96}.Test|x86.ActiveCfg = Debug|Any CPU
		{E1E5688B-A3E2-4598-8251-6569F21F3D96}.Test|x86.Build.0 = Debug|Any CPU
	EndGlobalSection
	GlobalSection(SolutionProperties) = preSolution
		HideSolutionNode = FALSE
	EndGlobalSection
	GlobalSection(NestedProjects) = preSolution
		{3447BA39-CA44-4079-8572-3CEF77D774AC} = {04B08715-CFCD-44D8-AED4-02B87071EA07}
		{8D024EAE-DDD2-43CF-9A18-5675301860AE} = {04B08715-CFCD-44D8-AED4-02B87071EA07}
		{FE859B22-9168-465A-9554-BD185CF19801} = {04B08715-CFCD-44D8-AED4-02B87071EA07}
		{DD42E029-BFA1-4CB3-9275-1EE35FA5A8C4} = {04B08715-CFCD-44D8-AED4-02B87071EA07}
		{627BA7E7-B5BF-4281-ABD2-A9E2BCAAD887} = {1E6528E4-5367-4145-ABC2-11285576F989}
		{7058A8EA-7D7C-40E3-96D2-18570EF363A0} = {627BA7E7-B5BF-4281-ABD2-A9E2BCAAD887}
		{E48FC34B-A19F-4397-9714-3CDAC5AC42A0} = {25430444-78D5-43BE-967D-F95B5FDC044A}
		{391AFF1E-1C4B-4E0F-9C3B-756683EBEE5F} = {1E6528E4-5367-4145-ABC2-11285576F989}
		{E6155286-DB08-4C07-BE86-F90491BED5D7} = {391AFF1E-1C4B-4E0F-9C3B-756683EBEE5F}
		{2F09C333-30D9-4F40-BABB-091BE4E6BB2A} = {391AFF1E-1C4B-4E0F-9C3B-756683EBEE5F}
		{10C43D85-856E-42CE-B399-BA8E61AC9CD9} = {391AFF1E-1C4B-4E0F-9C3B-756683EBEE5F}
		{04B08715-CFCD-44D8-AED4-02B87071EA07} = {ED988E77-5874-430D-A725-026A76046B4D}
		{816DF8F8-1679-4C21-85AE-A03EB022714A} = {ED988E77-5874-430D-A725-026A76046B4D}
		{424F8691-EFDF-4DE7-8DE3-960EAE26C6A6} = {ED988E77-5874-430D-A725-026A76046B4D}
		{B2EE9BA6-28BF-4E93-9EFB-D66859BA3CDB} = {ED988E77-5874-430D-A725-026A76046B4D}
		{E6B955FD-2832-4E01-A1C5-6A55A9F341FF} = {ED988E77-5874-430D-A725-026A76046B4D}
		{21C07E78-2AE4-4B33-BEE9-A2037DA3293C} = {04B08715-CFCD-44D8-AED4-02B87071EA07}
		{E1E5688B-A3E2-4598-8251-6569F21F3D96} = {04B08715-CFCD-44D8-AED4-02B87071EA07}
	EndGlobalSection
	GlobalSection(ExtensibilityGlobals) = postSolution
		SolutionGuid = {35CEACE9-46E6-4641-962D-1AFE7F47FF96}
	EndGlobalSection
EndGlobal
